// !$*UTF8*$!
{
	archiveVersion = 1;
	classes = {
	};
	objectVersion = 56;
	objects = {

/* Begin PBXBuildFile section */
		1798C20128E9CED2006FC718 /* AdvancedSwiftUIView.swift in Sources */ = {isa = PBXBuildFile; fileRef = 1798C20028E9CED2006FC718 /* AdvancedSwiftUIView.swift */; };
		17D2F91628E9BB7B002A8EF7 /* UikitSwiftUIComparisonProjectApp.swift in Sources */ = {isa = PBXBuildFile; fileRef = 17D2F91528E9BB7B002A8EF7 /* UikitSwiftUIComparisonProjectApp.swift */; };
		17D2F91828E9BB7B002A8EF7 /* ContentView.swift in Sources */ = {isa = PBXBuildFile; fileRef = 17D2F91728E9BB7B002A8EF7 /* ContentView.swift */; };
		17D2F91A28E9BB7D002A8EF7 /* Assets.xcassets in Resources */ = {isa = PBXBuildFile; fileRef = 17D2F91928E9BB7D002A8EF7 /* Assets.xcassets */; };
		17D2F91D28E9BB7D002A8EF7 /* Preview Assets.xcassets in Resources */ = {isa = PBXBuildFile; fileRef = 17D2F91C28E9BB7D002A8EF7 /* Preview Assets.xcassets */; };
		17D2F92628E9BBCB002A8EF7 /* SimpleViewController.swift in Sources */ = {isa = PBXBuildFile; fileRef = 17D2F92428E9BBCB002A8EF7 /* SimpleViewController.swift */; };
		17D2F92728E9BBCB002A8EF7 /* SimpleViewController.xib in Resources */ = {isa = PBXBuildFile; fileRef = 17D2F92528E9BBCB002A8EF7 /* SimpleViewController.xib */; };
		17D2F92928E9BC48002A8EF7 /* SimpleSwiftUIView.swift in Sources */ = {isa = PBXBuildFile; fileRef = 17D2F92828E9BC48002A8EF7 /* SimpleSwiftUIView.swift */; };
		17D2F92D28E9BDE8002A8EF7 /* SizeViewController.swift in Sources */ = {isa = PBXBuildFile; fileRef = 17D2F92B28E9BDE8002A8EF7 /* SizeViewController.swift */; };
		17D2F92E28E9BDE8002A8EF7 /* SizeViewController.xib in Resources */ = {isa = PBXBuildFile; fileRef = 17D2F92C28E9BDE8002A8EF7 /* SizeViewController.xib */; };
		17D2F93028E9BDF3002A8EF7 /* SizeSwiftUIView.swift in Sources */ = {isa = PBXBuildFile; fileRef = 17D2F92F28E9BDF3002A8EF7 /* SizeSwiftUIView.swift */; };
		17D2F93228E9C35B002A8EF7 /* SizeApectRatioSwiftUIView.swift in Sources */ = {isa = PBXBuildFile; fileRef = 17D2F93128E9C35B002A8EF7 /* SizeApectRatioSwiftUIView.swift */; };
		17D2F93428E9C57C002A8EF7 /* MeasureSizeSwiftUIView.swift in Sources */ = {isa = PBXBuildFile; fileRef = 17D2F93328E9C57C002A8EF7 /* MeasureSizeSwiftUIView.swift */; };
		17D2F93828E9C78B002A8EF7 /* PriorityViewController.swift in Sources */ = {isa = PBXBuildFile; fileRef = 17D2F93628E9C78B002A8EF7 /* PriorityViewController.swift */; };
		17D2F93928E9C78B002A8EF7 /* PriorityViewController.xib in Resources */ = {isa = PBXBuildFile; fileRef = 17D2F93728E9C78B002A8EF7 /* PriorityViewController.xib */; };
		17D2F93B28E9C797002A8EF7 /* PrioritySwiftUIView.swift in Sources */ = {isa = PBXBuildFile; fileRef = 17D2F93A28E9C797002A8EF7 /* PrioritySwiftUIView.swift */; };
		17D2F93D28E9CB08002A8EF7 /* FixedSizeExampleView.swift in Sources */ = {isa = PBXBuildFile; fileRef = 17D2F93C28E9CB08002A8EF7 /* FixedSizeExampleView.swift */; };
/* End PBXBuildFile section */

/* Begin PBXFileReference section */
		1798C20028E9CED2006FC718 /* AdvancedSwiftUIView.swift */ = {isa = PBXFileReference; lastKnownFileType = sourcecode.swift; path = AdvancedSwiftUIView.swift; sourceTree = "<group>"; };
		17D2F91228E9BB7B002A8EF7 /* UikitSwiftUIComparisonProject.app */ = {isa = PBXFileReference; explicitFileType = wrapper.application; includeInIndex = 0; path = UikitSwiftUIComparisonProject.app; sourceTree = BUILT_PRODUCTS_DIR; };
		17D2F91528E9BB7B002A8EF7 /* UikitSwiftUIComparisonProjectApp.swift */ = {isa = PBXFileReference; lastKnownFileType = sourcecode.swift; path = UikitSwiftUIComparisonProjectApp.swift; sourceTree = "<group>"; };
		17D2F91728E9BB7B002A8EF7 /* ContentView.swift */ = {isa = PBXFileReference; lastKnownFileType = sourcecode.swift; path = ContentView.swift; sourceTree = "<group>"; };
		17D2F91928E9BB7D002A8EF7 /* Assets.xcassets */ = {isa = PBXFileReference; lastKnownFileType = folder.assetcatalog; path = Assets.xcassets; sourceTree = "<group>"; };
		17D2F91C28E9BB7D002A8EF7 /* Preview Assets.xcassets */ = {isa = PBXFileReference; lastKnownFileType = folder.assetcatalog; path = "Preview Assets.xcassets"; sourceTree = "<group>"; };
		17D2F92428E9BBCB002A8EF7 /* SimpleViewController.swift */ = {isa = PBXFileReference; lastKnownFileType = sourcecode.swift; path = SimpleViewController.swift; sourceTree = "<group>"; };
		17D2F92528E9BBCB002A8EF7 /* SimpleViewController.xib */ = {isa = PBXFileReference; lastKnownFileType = file.xib; path = SimpleViewController.xib; sourceTree = "<group>"; };
		17D2F92828E9BC48002A8EF7 /* SimpleSwiftUIView.swift */ = {isa = PBXFileReference; lastKnownFileType = sourcecode.swift; path = SimpleSwiftUIView.swift; sourceTree = "<group>"; };
		17D2F92B28E9BDE8002A8EF7 /* SizeViewController.swift */ = {isa = PBXFileReference; lastKnownFileType = sourcecode.swift; path = SizeViewController.swift; sourceTree = "<group>"; };
		17D2F92C28E9BDE8002A8EF7 /* SizeViewController.xib */ = {isa = PBXFileReference; lastKnownFileType = file.xib; path = SizeViewController.xib; sourceTree = "<group>"; };
		17D2F92F28E9BDF3002A8EF7 /* SizeSwiftUIView.swift */ = {isa = PBXFileReference; lastKnownFileType = sourcecode.swift; path = SizeSwiftUIView.swift; sourceTree = "<group>"; };
		17D2F93128E9C35B002A8EF7 /* SizeApectRatioSwiftUIView.swift */ = {isa = PBXFileReference; lastKnownFileType = sourcecode.swift; path = SizeApectRatioSwiftUIView.swift; sourceTree = "<group>"; };
		17D2F93328E9C57C002A8EF7 /* MeasureSizeSwiftUIView.swift */ = {isa = PBXFileReference; lastKnownFileType = sourcecode.swift; path = MeasureSizeSwiftUIView.swift; sourceTree = "<group>"; };
		17D2F93628E9C78B002A8EF7 /* PriorityViewController.swift */ = {isa = PBXFileReference; lastKnownFileType = sourcecode.swift; path = PriorityViewController.swift; sourceTree = "<group>"; };
		17D2F93728E9C78B002A8EF7 /* PriorityViewController.xib */ = {isa = PBXFileReference; lastKnownFileType = file.xib; path = PriorityViewController.xib; sourceTree = "<group>"; };
		17D2F93A28E9C797002A8EF7 /* PrioritySwiftUIView.swift */ = {isa = PBXFileReference; lastKnownFileType = sourcecode.swift; path = PrioritySwiftUIView.swift; sourceTree = "<group>"; };
		17D2F93C28E9CB08002A8EF7 /* FixedSizeExampleView.swift */ = {isa = PBXFileReference; lastKnownFileType = sourcecode.swift; path = FixedSizeExampleView.swift; sourceTree = "<group>"; };
/* End PBXFileReference section */

/* Begin PBXFrameworksBuildPhase section */
		17D2F90F28E9BB7B002A8EF7 /* Frameworks */ = {
			isa = PBXFrameworksBuildPhase;
			buildActionMask = 2147483647;
			files = (
			);
			runOnlyForDeploymentPostprocessing = 0;
		};
/* End PBXFrameworksBuildPhase section */

/* Begin PBXGroup section */
		17D2F90928E9BB7B002A8EF7 = {
			isa = PBXGroup;
			children = (
				17D2F91428E9BB7B002A8EF7 /* UikitSwiftUIComparisonProject */,
				17D2F91328E9BB7B002A8EF7 /* Products */,
			);
			sourceTree = "<group>";
		};
		17D2F91328E9BB7B002A8EF7 /* Products */ = {
			isa = PBXGroup;
			children = (
				17D2F91228E9BB7B002A8EF7 /* UikitSwiftUIComparisonProject.app */,
			);
			name = Products;
			sourceTree = "<group>";
		};
		17D2F91428E9BB7B002A8EF7 /* UikitSwiftUIComparisonProject */ = {
			isa = PBXGroup;
			children = (
				17D2F91528E9BB7B002A8EF7 /* UikitSwiftUIComparisonProjectApp.swift */,
				17D2F91728E9BB7B002A8EF7 /* ContentView.swift */,
				17D2F92328E9BB9B002A8EF7 /* simple alignment guides */,
				17D2F92A28E9BDCA002A8EF7 /* size alignment */,
				17D2F93528E9C771002A8EF7 /* layout priority */,
				17D2F93E28E9CD3B002A8EF7 /* advanced alignment */,
				17D2F91928E9BB7D002A8EF7 /* Assets.xcassets */,
				17D2F91B28E9BB7D002A8EF7 /* Preview Content */,
			);
			path = UikitSwiftUIComparisonProject;
			sourceTree = "<group>";
		};
		17D2F91B28E9BB7D002A8EF7 /* Preview Content */ = {
			isa = PBXGroup;
			children = (
				17D2F91C28E9BB7D002A8EF7 /* Preview Assets.xcassets */,
			);
			path = "Preview Content";
			sourceTree = "<group>";
		};
		17D2F92328E9BB9B002A8EF7 /* simple alignment guides */ = {
			isa = PBXGroup;
			children = (
				17D2F92428E9BBCB002A8EF7 /* SimpleViewController.swift */,
				17D2F92528E9BBCB002A8EF7 /* SimpleViewController.xib */,
				17D2F92828E9BC48002A8EF7 /* SimpleSwiftUIView.swift */,
			);
			path = "simple alignment guides";
			sourceTree = "<group>";
		};
		17D2F92A28E9BDCA002A8EF7 /* size alignment */ = {
			isa = PBXGroup;
			children = (
				17D2F92B28E9BDE8002A8EF7 /* SizeViewController.swift */,
				17D2F92C28E9BDE8002A8EF7 /* SizeViewController.xib */,
				17D2F92F28E9BDF3002A8EF7 /* SizeSwiftUIView.swift */,
				17D2F93128E9C35B002A8EF7 /* SizeApectRatioSwiftUIView.swift */,
				17D2F93328E9C57C002A8EF7 /* MeasureSizeSwiftUIView.swift */,
			);
			path = "size alignment";
			sourceTree = "<group>";
		};
		17D2F93528E9C771002A8EF7 /* layout priority */ = {
			isa = PBXGroup;
			children = (
				17D2F93628E9C78B002A8EF7 /* PriorityViewController.swift */,
				17D2F93728E9C78B002A8EF7 /* PriorityViewController.xib */,
				17D2F93A28E9C797002A8EF7 /* PrioritySwiftUIView.swift */,
				17D2F93C28E9CB08002A8EF7 /* FixedSizeExampleView.swift */,
			);
			path = "layout priority";
			sourceTree = "<group>";
		};
		17D2F93E28E9CD3B002A8EF7 /* advanced alignment */ = {
			isa = PBXGroup;
			children = (
				1798C20028E9CED2006FC718 /* AdvancedSwiftUIView.swift */,
			);
			path = "advanced alignment";
			sourceTree = "<group>";
		};
/* End PBXGroup section */

/* Begin PBXNativeTarget section */
		17D2F91128E9BB7B002A8EF7 /* UikitSwiftUIComparisonProject */ = {
			isa = PBXNativeTarget;
			buildConfigurationList = 17D2F92028E9BB7D002A8EF7 /* Build configuration list for PBXNativeTarget "UikitSwiftUIComparisonProject" */;
			buildPhases = (
				17D2F90E28E9BB7B002A8EF7 /* Sources */,
				17D2F90F28E9BB7B002A8EF7 /* Frameworks */,
				17D2F91028E9BB7B002A8EF7 /* Resources */,
			);
			buildRules = (
			);
			dependencies = (
			);
			name = UikitSwiftUIComparisonProject;
			productName = UikitSwiftUIComparisonProject;
			productReference = 17D2F91228E9BB7B002A8EF7 /* UikitSwiftUIComparisonProject.app */;
			productType = "com.apple.product-type.application";
		};
/* End PBXNativeTarget section */

/* Begin PBXProject section */
		17D2F90A28E9BB7B002A8EF7 /* Project object */ = {
			isa = PBXProject;
			attributes = {
				BuildIndependentTargetsInParallel = 1;
				LastSwiftUpdateCheck = 1410;
				LastUpgradeCheck = 1410;
				TargetAttributes = {
					17D2F91128E9BB7B002A8EF7 = {
						CreatedOnToolsVersion = 14.1;
					};
				};
			};
			buildConfigurationList = 17D2F90D28E9BB7B002A8EF7 /* Build configuration list for PBXProject "UikitSwiftUIComparisonProject" */;
			compatibilityVersion = "Xcode 14.0";
			developmentRegion = en;
			hasScannedForEncodings = 0;
			knownRegions = (
				en,
				Base,
			);
			mainGroup = 17D2F90928E9BB7B002A8EF7;
			productRefGroup = 17D2F91328E9BB7B002A8EF7 /* Products */;
			projectDirPath = "";
			projectRoot = "";
			targets = (
				17D2F91128E9BB7B002A8EF7 /* UikitSwiftUIComparisonProject */,
			);
		};
/* End PBXProject section */

/* Begin PBXResourcesBuildPhase section */
		17D2F91028E9BB7B002A8EF7 /* Resources */ = {
			isa = PBXResourcesBuildPhase;
			buildActionMask = 2147483647;
			files = (
				17D2F93928E9C78B002A8EF7 /* PriorityViewController.xib in Resources */,
				17D2F92728E9BBCB002A8EF7 /* SimpleViewController.xib in Resources */,
				17D2F92E28E9BDE8002A8EF7 /* SizeViewController.xib in Resources */,
				17D2F91D28E9BB7D002A8EF7 /* Preview Assets.xcassets in Resources */,
				17D2F91A28E9BB7D002A8EF7 /* Assets.xcassets in Resources */,
			);
			runOnlyForDeploymentPostprocessing = 0;
		};
/* End PBXResourcesBuildPhase section */

/* Begin PBXSourcesBuildPhase section */
		17D2F90E28E9BB7B002A8EF7 /* Sources */ = {
			isa = PBXSourcesBuildPhase;
			buildActionMask = 2147483647;
			files = (
				17D2F93B28E9C797002A8EF7 /* PrioritySwiftUIView.swift in Sources */,
				17D2F93228E9C35B002A8EF7 /* SizeApectRatioSwiftUIView.swift in Sources */,
				17D2F93D28E9CB08002A8EF7 /* FixedSizeExampleView.swift in Sources */,
				17D2F91828E9BB7B002A8EF7 /* ContentView.swift in Sources */,
				1798C20128E9CED2006FC718 /* AdvancedSwiftUIView.swift in Sources */,
				17D2F93428E9C57C002A8EF7 /* MeasureSizeSwiftUIView.swift in Sources */,
				17D2F93028E9BDF3002A8EF7 /* SizeSwiftUIView.swift in Sources */,
				17D2F92D28E9BDE8002A8EF7 /* SizeViewController.swift in Sources */,
				17D2F93828E9C78B002A8EF7 /* PriorityViewController.swift in Sources */,
				17D2F91628E9BB7B002A8EF7 /* UikitSwiftUIComparisonProjectApp.swift in Sources */,
				17D2F92928E9BC48002A8EF7 /* SimpleSwiftUIView.swift in Sources */,
				17D2F92628E9BBCB002A8EF7 /* SimpleViewController.swift in Sources */,
			);
			runOnlyForDeploymentPostprocessing = 0;
		};
/* End PBXSourcesBuildPhase section */

/* Begin XCBuildConfiguration section */
		17D2F91E28E9BB7D002A8EF7 /* Debug */ = {
			isa = XCBuildConfiguration;
			buildSettings = {
				ALWAYS_SEARCH_USER_PATHS = NO;
				CLANG_ANALYZER_NONNULL = YES;
				CLANG_ANALYZER_NUMBER_OBJECT_CONVERSION = YES_AGGRESSIVE;
				CLANG_CXX_LANGUAGE_STANDARD = "gnu++20";
				CLANG_ENABLE_MODULES = YES;
				CLANG_ENABLE_OBJC_ARC = YES;
				CLANG_ENABLE_OBJC_WEAK = YES;
				CLANG_WARN_BLOCK_CAPTURE_AUTORELEASING = YES;
				CLANG_WARN_BOOL_CONVERSION = YES;
				CLANG_WARN_COMMA = YES;
				CLANG_WARN_CONSTANT_CONVERSION = YES;
				CLANG_WARN_DEPRECATED_OBJC_IMPLEMENTATIONS = YES;
				CLANG_WARN_DIRECT_OBJC_ISA_USAGE = YES_ERROR;
				CLANG_WARN_DOCUMENTATION_COMMENTS = YES;
				CLANG_WARN_EMPTY_BODY = YES;
				CLANG_WARN_ENUM_CONVERSION = YES;
				CLANG_WARN_INFINITE_RECURSION = YES;
				CLANG_WARN_INT_CONVERSION = YES;
				CLANG_WARN_NON_LITERAL_NULL_CONVERSION = YES;
				CLANG_WARN_OBJC_IMPLICIT_RETAIN_SELF = YES;
				CLANG_WARN_OBJC_LITERAL_CONVERSION = YES;
				CLANG_WARN_OBJC_ROOT_CLASS = YES_ERROR;
				CLANG_WARN_QUOTED_INCLUDE_IN_FRAMEWORK_HEADER = YES;
				CLANG_WARN_RANGE_LOOP_ANALYSIS = YES;
				CLANG_WARN_STRICT_PROTOTYPES = YES;
				CLANG_WARN_SUSPICIOUS_MOVE = YES;
				CLANG_WARN_UNGUARDED_AVAILABILITY = YES_AGGRESSIVE;
				CLANG_WARN_UNREACHABLE_CODE = YES;
				CLANG_WARN__DUPLICATE_METHOD_MATCH = YES;
				COPY_PHASE_STRIP = NO;
				DEBUG_INFORMATION_FORMAT = dwarf;
				ENABLE_STRICT_OBJC_MSGSEND = YES;
				ENABLE_TESTABILITY = YES;
				GCC_C_LANGUAGE_STANDARD = gnu11;
				GCC_DYNAMIC_NO_PIC = NO;
				GCC_NO_COMMON_BLOCKS = YES;
				GCC_OPTIMIZATION_LEVEL = 0;
				GCC_PREPROCESSOR_DEFINITIONS = (
					"DEBUG=1",
					"$(inherited)",
				);
				GCC_WARN_64_TO_32_BIT_CONVERSION = YES;
				GCC_WARN_ABOUT_RETURN_TYPE = YES_ERROR;
				GCC_WARN_UNDECLARED_SELECTOR = YES;
				GCC_WARN_UNINITIALIZED_AUTOS = YES_AGGRESSIVE;
				GCC_WARN_UNUSED_FUNCTION = YES;
				GCC_WARN_UNUSED_VARIABLE = YES;
				IPHONEOS_DEPLOYMENT_TARGET = 16.1;
				MTL_ENABLE_DEBUG_INFO = INCLUDE_SOURCE;
				MTL_FAST_MATH = YES;
				ONLY_ACTIVE_ARCH = YES;
				SDKROOT = iphoneos;
				SWIFT_ACTIVE_COMPILATION_CONDITIONS = DEBUG;
				SWIFT_OPTIMIZATION_LEVEL = "-Onone";
			};
			name = Debug;
		};
		17D2F91F28E9BB7D002A8EF7 /* Release */ = {
			isa = XCBuildConfiguration;
			buildSettings = {
				ALWAYS_SEARCH_USER_PATHS = NO;
				CLANG_ANALYZER_NONNULL = YES;
				CLANG_ANALYZER_NUMBER_OBJECT_CONVERSION = YES_AGGRESSIVE;
				CLANG_CXX_LANGUAGE_STANDARD = "gnu++20";
				CLANG_ENABLE_MODULES = YES;
				CLANG_ENABLE_OBJC_ARC = YES;
				CLANG_ENABLE_OBJC_WEAK = YES;
				CLANG_WARN_BLOCK_CAPTURE_AUTORELEASING = YES;
				CLANG_WARN_BOOL_CONVERSION = YES;
				CLANG_WARN_COMMA = YES;
				CLANG_WARN_CONSTANT_CONVERSION = YES;
				CLANG_WARN_DEPRECATED_OBJC_IMPLEMENTATIONS = YES;
				CLANG_WARN_DIRECT_OBJC_ISA_USAGE = YES_ERROR;
				CLANG_WARN_DOCUMENTATION_COMMENTS = YES;
				CLANG_WARN_EMPTY_BODY = YES;
				CLANG_WARN_ENUM_CONVERSION = YES;
				CLANG_WARN_INFINITE_RECURSION = YES;
				CLANG_WARN_INT_CONVERSION = YES;
				CLANG_WARN_NON_LITERAL_NULL_CONVERSION = YES;
				CLANG_WARN_OBJC_IMPLICIT_RETAIN_SELF = YES;
				CLANG_WARN_OBJC_LITERAL_CONVERSION = YES;
				CLANG_WARN_OBJC_ROOT_CLASS = YES_ERROR;
				CLANG_WARN_QUOTED_INCLUDE_IN_FRAMEWORK_HEADER = YES;
				CLANG_WARN_RANGE_LOOP_ANALYSIS = YES;
				CLANG_WARN_STRICT_PROTOTYPES = YES;
				CLANG_WARN_SUSPICIOUS_MOVE = YES;
				CLANG_WARN_UNGUARDED_AVAILABILITY = YES_AGGRESSIVE;
				CLANG_WARN_UNREACHABLE_CODE = YES;
				CLANG_WARN__DUPLICATE_METHOD_MATCH = YES;
				COPY_PHASE_STRIP = NO;
				DEBUG_INFORMATION_FORMAT = "dwarf-with-dsym";
				ENABLE_NS_ASSERTIONS = NO;
				ENABLE_STRICT_OBJC_MSGSEND = YES;
				GCC_C_LANGUAGE_STANDARD = gnu11;
				GCC_NO_COMMON_BLOCKS = YES;
				GCC_WARN_64_TO_32_BIT_CONVERSION = YES;
				GCC_WARN_ABOUT_RETURN_TYPE = YES_ERROR;
				GCC_WARN_UNDECLARED_SELECTOR = YES;
				GCC_WARN_UNINITIALIZED_AUTOS = YES_AGGRESSIVE;
				GCC_WARN_UNUSED_FUNCTION = YES;
				GCC_WARN_UNUSED_VARIABLE = YES;
				IPHONEOS_DEPLOYMENT_TARGET = 16.1;
				MTL_ENABLE_DEBUG_INFO = NO;
				MTL_FAST_MATH = YES;
				SDKROOT = iphoneos;
				SWIFT_COMPILATION_MODE = wholemodule;
				SWIFT_OPTIMIZATION_LEVEL = "-O";
				VALIDATE_PRODUCT = YES;
			};
			name = Release;
		};
		17D2F92128E9BB7D002A8EF7 /* Debug */ = {
			isa = XCBuildConfiguration;
			buildSettings = {
				ASSETCATALOG_COMPILER_APPICON_NAME = AppIcon;
				ASSETCATALOG_COMPILER_GLOBAL_ACCENT_COLOR_NAME = AccentColor;
				CODE_SIGN_STYLE = Automatic;
				CURRENT_PROJECT_VERSION = 1;
				DEVELOPMENT_ASSET_PATHS = "\"UikitSwiftUIComparisonProject/Preview Content\"";
				DEVELOPMENT_TEAM = 2ZB33FC454;
				ENABLE_PREVIEWS = YES;
				GENERATE_INFOPLIST_FILE = YES;
				INFOPLIST_KEY_UIApplicationSceneManifest_Generation = YES;
				INFOPLIST_KEY_UIApplicationSupportsIndirectInputEvents = YES;
				INFOPLIST_KEY_UILaunchScreen_Generation = YES;
				INFOPLIST_KEY_UISupportedInterfaceOrientations_iPad = "UIInterfaceOrientationPortrait UIInterfaceOrientationPortraitUpsideDown UIInterfaceOrientationLandscapeLeft UIInterfaceOrientationLandscapeRight";
				INFOPLIST_KEY_UISupportedInterfaceOrientations_iPhone = "UIInterfaceOrientationPortrait UIInterfaceOrientationLandscapeLeft UIInterfaceOrientationLandscapeRight";
				IPHONEOS_DEPLOYMENT_TARGET = 16.0;
				LD_RUNPATH_SEARCH_PATHS = (
					"$(inherited)",
					"@executable_path/Frameworks",
				);
				MARKETING_VERSION = 1.0;
				PRODUCT_BUNDLE_IDENTIFIER = com.karinprater.UikitSwiftUIComparisonProject;
				PRODUCT_NAME = "$(TARGET_NAME)";
				SWIFT_EMIT_LOC_STRINGS = YES;
				SWIFT_VERSION = 5.0;
				TARGETED_DEVICE_FAMILY = "1,2";
			};
			name = Debug;
		};
		17D2F92228E9BB7D002A8EF7 /* Release */ = {
			isa = XCBuildConfiguration;
			buildSettings = {
				ASSETCATALOG_COMPILER_APPICON_NAME = AppIcon;
				ASSETCATALOG_COMPILER_GLOBAL_ACCENT_COLOR_NAME = AccentColor;
				CODE_SIGN_STYLE = Automatic;
				CURRENT_PROJECT_VERSION = 1;
				DEVELOPMENT_ASSET_PATHS = "\"UikitSwiftUIComparisonProject/Preview Content\"";
				DEVELOPMENT_TEAM = 2ZB33FC454;
				ENABLE_PREVIEWS = YES;
				GENERATE_INFOPLIST_FILE = YES;
				INFOPLIST_KEY_UIApplicationSceneManifest_Generation = YES;
				INFOPLIST_KEY_UIApplicationSupportsIndirectInputEvents = YES;
				INFOPLIST_KEY_UILaunchScreen_Generation = YES;
				INFOPLIST_KEY_UISupportedInterfaceOrientations_iPad = "UIInterfaceOrientationPortrait UIInterfaceOrientationPortraitUpsideDown UIInterfaceOrientationLandscapeLeft UIInterfaceOrientationLandscapeRight";
				INFOPLIST_KEY_UISupportedInterfaceOrientations_iPhone = "UIInterfaceOrientationPortrait UIInterfaceOrientationLandscapeLeft UIInterfaceOrientationLandscapeRight";
				IPHONEOS_DEPLOYMENT_TARGET = 16.0;
				LD_RUNPATH_SEARCH_PATHS = (
					"$(inherited)",
					"@executable_path/Frameworks",
				);
				MARKETING_VERSION = 1.0;
				PRODUCT_BUNDLE_IDENTIFIER = com.karinprater.UikitSwiftUIComparisonProject;
				PRODUCT_NAME = "$(TARGET_NAME)";
				SWIFT_EMIT_LOC_STRINGS = YES;
				SWIFT_VERSION = 5.0;
				TARGETED_DEVICE_FAMILY = "1,2";
			};
			name = Release;
		};
/* End XCBuildConfiguration section */

/* Begin XCConfigurationList section */
		17D2F90D28E9BB7B002A8EF7 /* Build configuration list for PBXProject "UikitSwiftUIComparisonProject" */ = {
			isa = XCConfigurationList;
			buildConfigurations = (
				17D2F91E28E9BB7D002A8EF7 /* Debug */,
				17D2F91F28E9BB7D002A8EF7 /* Release */,
			);
			defaultConfigurationIsVisible = 0;
			defaultConfigurationName = Release;
		};
		17D2F92028E9BB7D002A8EF7 /* Build configuration list for PBXNativeTarget "UikitSwiftUIComparisonProject" */ = {
			isa = XCConfigurationList;
			buildConfigurations = (
				17D2F92128E9BB7D002A8EF7 /* Debug */,
				17D2F92228E9BB7D002A8EF7 /* Release */,
			);
			defaultConfigurationIsVisible = 0;
			defaultConfigurationName = Release;
		};
/* End XCConfigurationList section */
	};
	rootObject = 17D2F90A28E9BB7B002A8EF7 /* Project object */;
}
